
Microsoft Visual Studio Solution File, Format Version 12.00
# Visual Studio 15
VisualStudioVersion = 15.0.27004.2005
MinimumVisualStudioVersion = 10.0.40219.1
Project("{FAE04EC0-301F-11D3-BF4B-00C04F79EFBC}") = "Eksamensprojekt", "Eksamensprojekt\Eksamensprojekt.csproj", "{D0F5E111-A904-449B-849C-0854DBE8EF84}"
EndProject
Global
	GlobalSection(SolutionConfigurationPlatforms) = preSolution
		Debug|Any CPU = Debug|Any CPU
		Release|Any CPU = Release|Any CPU
	EndGlobalSection
	GlobalSection(ProjectConfigurationPlatforms) = postSolution
		{D0F5E111-A904-449B-849C-0854DBE8EF84}.Debug|Any CPU.ActiveCfg = Debug|Any CPU
		{D0F5E111-A904-449B-849C-0854DBE8EF84}.Debug|Any CPU.Build.0 = Debug|Any CPU
		{D0F5E111-A904-449B-849C-0854DBE8EF84}.Release|Any CPU.ActiveCfg = Release|Any CPU
		{D0F5E111-A904-449B-849C-0854DBE8EF84}.Release|Any CPU.Build.0 = Release|Any CPU
	EndGlobalSection
	GlobalSection(SolutionProperties) = preSolution
		HideSolutionNode = FALSE
	EndGlobalSection
	GlobalSection(ExtensibilityGlobals) = postSolution
		SolutionGuid = {C0491F25-BD03-4441-9A4F-6FF89514E9B2}
	EndGlobalSection
EndGlobal
